// !$*UTF8*$!
{
	archiveVersion = 1;
	classes = {
	};
	objectVersion = 48;
	objects = {

/* Begin PBXBuildFile section */
		D71C99A2200B885C009D283C /* SettingViewController.swift in Sources */ = {isa = PBXBuildFile; fileRef = D71C99A1200B885C009D283C /* SettingViewController.swift */; };
		D72B7423200B6262002243ED /* AppDelegate.swift in Sources */ = {isa = PBXBuildFile; fileRef = D72B7422200B6262002243ED /* AppDelegate.swift */; };
		D72B7425200B6262002243ED /* ViewController.swift in Sources */ = {isa = PBXBuildFile; fileRef = D72B7424200B6262002243ED /* ViewController.swift */; };
		D72B7428200B6262002243ED /* Main.storyboard in Resources */ = {isa = PBXBuildFile; fileRef = D72B7426200B6262002243ED /* Main.storyboard */; };
		D72B742A200B6262002243ED /* Assets.xcassets in Resources */ = {isa = PBXBuildFile; fileRef = D72B7429200B6262002243ED /* Assets.xcassets */; };
		D72B742D200B6262002243ED /* LaunchScreen.storyboard in Resources */ = {isa = PBXBuildFile; fileRef = D72B742B200B6262002243ED /* LaunchScreen.storyboard */; };
		D72B7435200B806F002243ED /* FavouriteViewController.swift in Sources */ = {isa = PBXBuildFile; fileRef = D72B7434200B806F002243ED /* FavouriteViewController.swift */; };
/* End PBXBuildFile section */

/* Begin PBXFileReference section */
		D71C99A1200B885C009D283C /* SettingViewController.swift */ = {isa = PBXFileReference; lastKnownFileType = sourcecode.swift; path = SettingViewController.swift; sourceTree = "<group>"; };
		D72B741F200B6262002243ED /* MyFavouriteDog.app */ = {isa = PBXFileReference; explicitFileType = wrapper.application; includeInIndex = 0; path = MyFavouriteDog.app; sourceTree = BUILT_PRODUCTS_DIR; };
		D72B7422200B6262002243ED /* AppDelegate.swift */ = {isa = PBXFileReference; lastKnownFileType = sourcecode.swift; path = AppDelegate.swift; sourceTree = "<group>"; };
		D72B7424200B6262002243ED /* ViewController.swift */ = {isa = PBXFileReference; lastKnownFileType = sourcecode.swift; path = ViewController.swift; sourceTree = "<group>"; };
		D72B7427200B6262002243ED /* Base */ = {isa = PBXFileReference; lastKnownFileType = file.storyboard; name = Base; path = Base.lproj/Main.storyboard; sourceTree = "<group>"; };
		D72B7429200B6262002243ED /* Assets.xcassets */ = {isa = PBXFileReference; lastKnownFileType = folder.assetcatalog; path = Assets.xcassets; sourceTree = "<group>"; };
		D72B742C200B6262002243ED /* Base */ = {isa = PBXFileReference; lastKnownFileType = file.storyboard; name = Base; path = Base.lproj/LaunchScreen.storyboard; sourceTree = "<group>"; };
		D72B742E200B6262002243ED /* Info.plist */ = {isa = PBXFileReference; lastKnownFileType = text.plist.xml; path = Info.plist; sourceTree = "<group>"; };
		D72B7434200B806F002243ED /* FavouriteViewController.swift */ = {isa = PBXFileReference; lastKnownFileType = sourcecode.swift; path = FavouriteViewController.swift; sourceTree = "<group>"; };
/* End PBXFileReference section */

/* Begin PBXFrameworksBuildPhase section */
		D72B741C200B6262002243ED /* Frameworks */ = {
			isa = PBXFrameworksBuildPhase;
			buildActionMask = 2147483647;
			files = (
			);
			runOnlyForDeploymentPostprocessing = 0;
		};
/* End PBXFrameworksBuildPhase section */

/* Begin PBXGroup section */
		D72B7416200B6262002243ED = {
			isa = PBXGroup;
			children = (
				D72B7421200B6262002243ED /* MyFavouriteDog */,
				D72B7420200B6262002243ED /* Products */,
			);
			sourceTree = "<group>";
		};
		D72B7420200B6262002243ED /* Products */ = {
			isa = PBXGroup;
			children = (
				D72B741F200B6262002243ED /* MyFavouriteDog.app */,
			);
			name = Products;
			sourceTree = "<group>";
		};
		D72B7421200B6262002243ED /* MyFavouriteDog */ = {
			isa = PBXGroup;
			children = (
				D72B7422200B6262002243ED /* AppDelegate.swift */,
				D72B7424200B6262002243ED /* ViewController.swift */,
				D72B7434200B806F002243ED /* FavouriteViewController.swift */,
				D71C99A1200B885C009D283C /* SettingViewController.swift */,
				D72B7426200B6262002243ED /* Main.storyboard */,
				D72B7429200B6262002243ED /* Assets.xcassets */,
				D72B742B200B6262002243ED /* LaunchScreen.storyboard */,
				D72B742E200B6262002243ED /* Info.plist */,
			);
			path = MyFavouriteDog;
			sourceTree = "<group>";
		};
/* End PBXGroup section */

/* Begin PBXNativeTarget section */
		D72B741E200B6262002243ED /* MyFavouriteDog */ = {
			isa = PBXNativeTarget;
			buildConfigurationList = D72B7431200B6262002243ED /* Build configuration list for PBXNativeTarget "MyFavouriteDog" */;
			buildPhases = (
				D72B741B200B6262002243ED /* Sources */,
				D72B741C200B6262002243ED /* Frameworks */,
				D72B741D200B6262002243ED /* Resources */,
			);
			buildRules = (
			);
			dependencies = (
			);
			name = MyFavouriteDog;
			productName = MyFavouriteDog;
			productReference = D72B741F200B6262002243ED /* MyFavouriteDog.app */;
			productType = "com.apple.product-type.application";
		};
/* End PBXNativeTarget section */

/* Begin PBXProject section */
		D72B7417200B6262002243ED /* Project object */ = {
			isa = PBXProject;
			attributes = {
				LastSwiftUpdateCheck = 0920;
				LastUpgradeCheck = 0920;
				ORGANIZATIONNAME = "Szymon Szysz";
				TargetAttributes = {
					D72B741E200B6262002243ED = {
						CreatedOnToolsVersion = 9.2;
						ProvisioningStyle = Automatic;
					};
				};
			};
			buildConfigurationList = D72B741A200B6262002243ED /* Build configuration list for PBXProject "MyFavouriteDog" */;
			compatibilityVersion = "Xcode 8.0";
			developmentRegion = en;
			hasScannedForEncodings = 0;
			knownRegions = (
				en,
				Base,
			);
			mainGroup = D72B7416200B6262002243ED;
			productRefGroup = D72B7420200B6262002243ED /* Products */;
			projectDirPath = "";
			projectRoot = "";
			targets = (
				D72B741E200B6262002243ED /* MyFavouriteDog */,
			);
		};
/* End PBXProject section */

/* Begin PBXResourcesBuildPhase section */
		D72B741D200B6262002243ED /* Resources */ = {
			isa = PBXResourcesBuildPhase;
			buildActionMask = 2147483647;
			files = (
				D72B742D200B6262002243ED /* LaunchScreen.storyboard in Resources */,
				D72B742A200B6262002243ED /* Assets.xcassets in Resources */,
				D72B7428200B6262002243ED /* Main.storyboard in Resources */,
			);
			runOnlyForDeploymentPostprocessing = 0;
		};
/* End PBXResourcesBuildPhase section */

/* Begin PBXSourcesBuildPhase section */
		D72B741B200B6262002243ED /* Sources */ = {
			isa = PBXSourcesBuildPhase;
			buildActionMask = 2147483647;
			files = (
				D72B7425200B6262002243ED /* ViewController.swift in Sources */,
				D72B7435200B806F002243ED /* FavouriteViewController.swift in Sources */,
				D72B7423200B6262002243ED /* AppDelegate.swift in Sources */,
				D71C99A2200B885C009D283C /* SettingViewController.swift in Sources */,
			);
			runOnlyForDeploymentPostprocessing = 0;
		};
/* End PBXSourcesBuildPhase section */

/* Begin PBXVariantGroup section */
		D72B7426200B6262002243ED /* Main.storyboard */ = {
			isa = PBXVariantGroup;
			children = (
				D72B7427200B6262002243ED /* Base */,
			);
			name = Main.storyboard;
			sourceTree = "<group>";
		};
		D72B742B200B6262002243ED /* LaunchScreen.storyboard */ = {
			isa = PBXVariantGroup;
			children = (
				D72B742C200B6262002243ED /* Base */,
			);
			name = LaunchScreen.storyboard;
			sourceTree = "<group>";
		};
/* End PBXVariantGroup section */

/* Begin XCBuildConfiguration section */
		D72B742F200B6262002243ED /* Debug */ = {
			isa = XCBuildConfiguration;
			buildSettings = {
				ALWAYS_SEARCH_USER_PATHS = NO;
				CLANG_ANALYZER_NONNULL = YES;
				CLANG_ANALYZER_NUMBER_OBJECT_CONVERSION = YES_AGGRESSIVE;
				CLANG_CXX_LANGUAGE_STANDARD = "gnu++14";
				CLANG_CXX_LIBRARY = "libc++";
				CLANG_ENABLE_MODULES = YES;
				CLANG_ENABLE_OBJC_ARC = YES;
				CLANG_WARN_BLOCK_CAPTURE_AUTORELEASING = YES;
				CLANG_WARN_BOOL_CONVERSION = YES;
				CLANG_WARN_COMMA = YES;
				CLANG_WARN_CONSTANT_CONVERSION = YES;
				CLANG_WARN_DIRECT_OBJC_ISA_USAGE = YES_ERROR;
				CLANG_WARN_DOCUMENTATION_COMMENTS = YES;
				CLANG_WARN_EMPTY_BODY = YES;
				CLANG_WARN_ENUM_CONVERSION = YES;
				CLANG_WARN_INFINITE_RECURSION = YES;
				CLANG_WARN_INT_CONVERSION = YES;
				CLANG_WARN_NON_LITERAL_NULL_CONVERSION = YES;
				CLANG_WARN_OBJC_LITERAL_CONVERSION = YES;
				CLANG_WARN_OBJC_ROOT_CLASS = YES_ERROR;
				CLANG_WARN_RANGE_LOOP_ANALYSIS = YES;
				CLANG_WARN_STRICT_PROTOTYPES = YES;
				CLANG_WARN_SUSPICIOUS_MOVE = YES;
				CLANG_WARN_UNGUARDED_AVAILABILITY = YES_AGGRESSIVE;
				CLANG_WARN_UNREACHABLE_CODE = YES;
				CLANG_WARN__DUPLICATE_METHOD_MATCH = YES;
				CODE_SIGN_IDENTITY = "iPhone Developer";
				COPY_PHASE_STRIP = NO;
				DEBUG_INFORMATION_FORMAT = dwarf;
				ENABLE_STRICT_OBJC_MSGSEND = YES;
				ENABLE_TESTABILITY = YES;
				GCC_C_LANGUAGE_STANDARD = gnu11;
				GCC_DYNAMIC_NO_PIC = NO;
				GCC_NO_COMMON_BLOCKS = YES;
				GCC_OPTIMIZATION_LEVEL = 0;
				GCC_PREPROCESSOR_DEFINITIONS = (
					"DEBUG=1",
					"$(inherited)",
				);
				GCC_WARN_64_TO_32_BIT_CONVERSION = YES;
				GCC_WARN_ABOUT_RETURN_TYPE = YES_ERROR;
				GCC_WARN_UNDECLARED_SELECTOR = YES;
				GCC_WARN_UNINITIALIZED_AUTOS = YES_AGGRESSIVE;
				GCC_WARN_UNUSED_FUNCTION = YES;
				GCC_WARN_UNUSED_VARIABLE = YES;
				IPHONEOS_DEPLOYMENT_TARGET = 11.2;
				MTL_ENABLE_DEBUG_INFO = YES;
				ONLY_ACTIVE_ARCH = YES;
				SDKROOT = iphoneos;
				SWIFT_ACTIVE_COMPILATION_CONDITIONS = DEBUG;
				SWIFT_OPTIMIZATION_LEVEL = "-Onone";
			};
			name = Debug;
		};
		D72B7430200B6262002243ED /* Release */ = {
			isa = XCBuildConfiguration;
			buildSettings = {
				ALWAYS_SEARCH_USER_PATHS = NO;
				CLANG_ANALYZER_NONNULL = YES;
				CLANG_ANALYZER_NUMBER_OBJECT_CONVERSION = YES_AGGRESSIVE;
				CLANG_CXX_LANGUAGE_STANDARD = "gnu++14";
				CLANG_CXX_LIBRARY = "libc++";
				CLANG_ENABLE_MODULES = YES;
				CLANG_ENABLE_OBJC_ARC = YES;
				CLANG_WARN_BLOCK_CAPTURE_AUTORELEASING = YES;
				CLANG_WARN_BOOL_CONVERSION = YES;
				CLANG_WARN_COMMA = YES;
				CLANG_WARN_CONSTANT_CONVERSION = YES;
				CLANG_WARN_DIRECT_OBJC_ISA_USAGE = YES_ERROR;
				CLANG_WARN_DOCUMENTATION_COMMENTS = YES;
				CLANG_WARN_EMPTY_BODY = YES;
				CLANG_WARN_ENUM_CONVERSION = YES;
				CLANG_WARN_INFINITE_RECURSION = YES;
				CLANG_WARN_INT_CONVERSION = YES;
				CLANG_WARN_NON_LITERAL_NULL_CONVERSION = YES;
				CLANG_WARN_OBJC_LITERAL_CONVERSION = YES;
				CLANG_WARN_OBJC_ROOT_CLASS = YES_ERROR;
				CLANG_WARN_RANGE_LOOP_ANALYSIS = YES;
				CLANG_WARN_STRICT_PROTOTYPES = YES;
				CLANG_WARN_SUSPICIOUS_MOVE = YES;
				CLANG_WARN_UNGUARDED_AVAILABILITY = YES_AGGRESSIVE;
				CLANG_WARN_UNREACHABLE_CODE = YES;
				CLANG_WARN__DUPLICATE_METHOD_MATCH = YES;
				CODE_SIGN_IDENTITY = "iPhone Developer";
				COPY_PHASE_STRIP = NO;
				DEBUG_INFORMATION_FORMAT = "dwarf-with-dsym";
				ENABLE_NS_ASSERTIONS = NO;
				ENABLE_STRICT_OBJC_MSGSEND = YES;
				GCC_C_LANGUAGE_STANDARD = gnu11;
				GCC_NO_COMMON_BLOCKS = YES;
				GCC_WARN_64_TO_32_BIT_CONVERSION = YES;
				GCC_WARN_ABOUT_RETURN_TYPE = YES_ERROR;
				GCC_WARN_UNDECLARED_SELECTOR = YES;
				GCC_WARN_UNINITIALIZED_AUTOS = YES_AGGRESSIVE;
				GCC_WARN_UNUSED_FUNCTION = YES;
				GCC_WARN_UNUSED_VARIABLE = YES;
				IPHONEOS_DEPLOYMENT_TARGET = 11.2;
				MTL_ENABLE_DEBUG_INFO = NO;
				SDKROOT = iphoneos;
				SWIFT_OPTIMIZATION_LEVEL = "-Owholemodule";
				VALIDATE_PRODUCT = YES;
			};
			name = Release;
		};
		D72B7432200B6262002243ED /* Debug */ = {
			isa = XCBuildConfiguration;
			buildSettings = {
				ASSETCATALOG_COMPILER_APPICON_NAME = AppIcon;
				CODE_SIGN_STYLE = Automatic;
				INFOPLIST_FILE = MyFavouriteDog/Info.plist;
				LD_RUNPATH_SEARCH_PATHS = "$(inherited) @executable_path/Frameworks";
				PRODUCT_BUNDLE_IDENTIFIER = com.SzymonSzysz.MyFavouriteDog;
				PRODUCT_NAME = "$(TARGET_NAME)";
				SWIFT_VERSION = 4.0;
				TARGETED_DEVICE_FAMILY = "1,2";
			};
			name = Debug;
		};
		D72B7433200B6262002243ED /* Release */ = {
			isa = XCBuildConfiguration;
			buildSettings = {
				ASSETCATALOG_COMPILER_APPICON_NAME = AppIcon;
				CODE_SIGN_STYLE = Automatic;
				INFOPLIST_FILE = MyFavouriteDog/Info.plist;
				LD_RUNPATH_SEARCH_PATHS = "$(inherited) @executable_path/Frameworks";
				PRODUCT_BUNDLE_IDENTIFIER = com.SzymonSzysz.MyFavouriteDog;
				PRODUCT_NAME = "$(TARGET_NAME)";
				SWIFT_VERSION = 4.0;
				TARGETED_DEVICE_FAMILY = "1,2";
			};
			name = Release;
		};
/* End XCBuildConfiguration section */

/* Begin XCConfigurationList section */
		D72B741A200B6262002243ED /* Build configuration list for PBXProject "MyFavouriteDog" */ = {
			isa = XCConfigurationList;
			buildConfigurations = (
				D72B742F200B6262002243ED /* Debug */,
				D72B7430200B6262002243ED /* Release */,
			);
			defaultConfigurationIsVisible = 0;
			defaultConfigurationName = Release;
		};
		D72B7431200B6262002243ED /* Build configuration list for PBXNativeTarget "MyFavouriteDog" */ = {
			isa = XCConfigurationList;
			buildConfigurations = (
				D72B7432200B6262002243ED /* Debug */,
				D72B7433200B6262002243ED /* Release */,
			);
			defaultConfigurationIsVisible = 0;
			defaultConfigurationName = Release;
		};
/* End XCConfigurationList section */
	};
	rootObject = D72B7417200B6262002243ED /* Project object */;
}
